Microsoft Visual Studio Solution File, Format Version 12.00
# Visual Studio 14
VisualStudioVersion = 14.0.25123.0
MinimumVisualStudioVersion = 10.0.40219.1
Project("{FAE04EC0-301F-11D3-BF4B-00C04F79EFBC}") = "TestDroid", "TestDroid\TestDroid.csproj", "{86532009-6181-4585-9E36-1B80FF37CDD6}"
EndProject
Project("{FAE04EC0-301F-11D3-BF4B-00C04F79EFBC}") = "TestDroid.UITests", "TestDroid.UITests\TestDroid.UITests.csproj", "{472EEAA9-ED86-4C91-A3F0-928E700A9221}"
EndProject
Project("{FAE04EC0-301F-11D3-BF4B-00C04F79EFBC}") = "TestDroidClient", "TestDroidClient\TestDroidClient.csproj", "{C531D332-F34C-4282-B3B6-F03575632742}"
EndProject
Global
	GlobalSection(SolutionConfigurationPlatforms) = preSolution
		Debug|Any CPU = Debug|Any CPU
		Release|Any CPU = Release|Any CPU
	EndGlobalSection
	GlobalSection(ProjectConfigurationPlatforms) = postSolution
		{86532009-6181-4585-9E36-1B80FF37CDD6}.Debug|Any CPU.ActiveCfg = Debug|Any CPU
		{86532009-6181-4585-9E36-1B80FF37CDD6}.Debug|Any CPU.Build.0 = Debug|Any CPU
		{86532009-6181-4585-9E36-1B80FF37CDD6}.Debug|Any CPU.Deploy.0 = Debug|Any CPU
		{86532009-6181-4585-9E36-1B80FF37CDD6}.Release|Any CPU.ActiveCfg = Release|Any CPU
		{86532009-6181-4585-9E36-1B80FF37CDD6}.Release|Any CPU.Build.0 = Release|Any CPU
		{472EEAA9-ED86-4C91-A3F0-928E700A9221}.Debug|Any CPU.ActiveCfg = Debug|Any CPU
		{472EEAA9-ED86-4C91-A3F0-928E700A9221}.Debug|Any CPU.Build.0 = Debug|Any CPU
		{472EEAA9-ED86-4C91-A3F0-928E700A9221}.Release|Any CPU.ActiveCfg = Release|Any CPU
		{472EEAA9-ED86-4C91-A3F0-928E700A9221}.Release|Any CPU.Build.0 = Release|Any CPU
		{C531D332-F34C-4282-B3B6-F03575632742}.Debug|Any CPU.ActiveCfg = Debug|Any CPU
		{C531D332-F34C-4282-B3B6-F03575632742}.Debug|Any CPU.Build.0 = Debug|Any CPU
		{C531D332-F34C-4282-B3B6-F03575632742}.Release|Any CPU.ActiveCfg = Release|Any CPU
		{C531D332-F34C-4282-B3B6-F03575632742}.Release|Any CPU.Build.0 = Release|Any CPU
	EndGlobalSection
	GlobalSection(SolutionProperties) = preSolution
		HideSolutionNode = FALSE
	EndGlobalSection
	GlobalSection(MonoDevelopProperties) = preSolution
		Policies = $0
		$0.DotNetNamingPolicy = $1
		$1.DirectoryNamespaceAssociation = None
		$1.ResourceNamePolicy = FileFormatDefault
		$0.StandardHeader = $2
		$2.Text = 
		$2.IncludeInNewFiles = True
		$0.NameConventionPolicy = $3
		$3.Rules = $4
		$4.NamingRule = $5
		$5.Name = Type Parameters
		$5.AffectedEntity = TypeParameter
		$5.VisibilityMask = VisibilityMask
		$5.NamingStyle = PascalCase
		$5.IncludeInstanceMembers = True
		$5.IncludeStaticEntities = True
		$5.RequiredPrefixes = $6
		$6.String = T
		$5.RequiredSuffixes = $7
		$7.String = Exception
	EndGlobalSection
EndGlobal
